Microsoft Visual Studio Solution File, Format Version 12.00
# Visual Studio Version 17
VisualStudioVersion = 17.9.34407.89
MinimumVisualStudioVersion = 10.0.40219.1
Project("{9A19103F-16F7-4668-BE54-9A1E7A4F7556}") = "SemanticAspire.AppHost", "SemanticAspire.AppHost\SemanticAspire.AppHost.csproj", "{7E5FA3B3-4184-4B67-8B40-E35B7217BFDF}"
EndProject
Project("{9A19103F-16F7-4668-BE54-9A1E7A4F7556}") = "SemanticAspire.ServiceDefaults", "SemanticAspire.ServiceDefaults\SemanticAspire.ServiceDefaults.csproj", "{5CF1B1B5-3063-496A-9B4A-3FA75FE050C9}"
EndProject
Project("{9A19103F-16F7-4668-BE54-9A1E7A4F7556}") = "SemanticAspire.ApiService", "SemanticAspire.ApiService\SemanticAspire.ApiService.csproj", "{E361B202-9CA4-4BC6-B2D5-E919B5D88C3D}"
EndProject
Project("{9A19103F-16F7-4668-BE54-9A1E7A4F7556}") = "SemanticAspire.Web", "SemanticAspire.Web\SemanticAspire.Web.csproj", "{937372BD-8A73-4647-A702-0F18B55103CF}"
EndProject
Project("{9A19103F-16F7-4668-BE54-9A1E7A4F7556}") = "SemanticAspire.MethodFunctionsApiService", "SemanticAspire.MethodFunctionsApiService\SemanticAspire.MethodFunctionsApiService.csproj", "{22C2AB0F-5396-4900-BAC1-603A65951620}"
EndProject
Project("{2150E333-8FDC-42A3-9474-1A3956D46DE8}") = "Solution Items", "Solution Items", "{0451E58B-5C6B-4DBE-9A09-98C30127AE13}"
	ProjectSection(SolutionItems) = preProject
		.editorconfig = .editorconfig
	EndProjectSection
EndProject
Project("{9A19103F-16F7-4668-BE54-9A1E7A4F7556}") = "SemanticAspire.ArgumentsApiService", "SemanticAspire.ArgumentsApiService\SemanticAspire.ArgumentsApiService.csproj", "{66E01471-1406-4B6C-97B2-747C1DD6ED98}"
EndProject
Project("{9A19103F-16F7-4668-BE54-9A1E7A4F7556}") = "SemanticAspire.Shared", "SemanticAspire.Shared\SemanticAspire.Shared.csproj", "{B58971B8-2F7F-489B-B079-A21B2A371594}"
EndProject
Project("{9A19103F-16F7-4668-BE54-9A1E7A4F7556}") = "SemanticAspire.InlineFunctionDefinitionApiService", "SemanticAspire.InlineFunctionDefinitionApiService\SemanticAspire.InlineFunctionDefinitionApiService.csproj", "{AB79C232-95B7-4952-BD11-B86B9A9FA8B5}"
EndProject
Project("{9A19103F-16F7-4668-BE54-9A1E7A4F7556}") = "SemanticAspire.TemplateLanguageApiService", "SemanticAspire.TemplateLanguageApiService\SemanticAspire.TemplateLanguageApiService.csproj", "{0382560B-1CAC-42E1-8C6F-A6B9C4BE0E45}"
EndProject
Project("{9A19103F-16F7-4668-BE54-9A1E7A4F7556}") = "SemanticAspire.BingAndGooglePluginsApiService", "SemanticAspire.BingAndGooglePluginsApiService\SemanticAspire.BingAndGooglePluginsApiService.csproj", "{7B7A1D05-E883-4E28-9B90-9DBA2B6F34E0}"
EndProject
Project("{9A19103F-16F7-4668-BE54-9A1E7A4F7556}") = "SemanticAspire.ConversationSummaryPluginApiService", "SemanticAspire.ConversationSummaryPluginApiService\SemanticAspire.ConversationSummaryPluginApiService.csproj", "{E248F0E7-7238-4875-BE1E-F1EE5C09403A}"
EndProject
Project("{9A19103F-16F7-4668-BE54-9A1E7A4F7556}") = "SemanticAspire.SemanticMemoryApiService", "SemanticAspire.SemanticMemoryApiService\SemanticAspire.SemanticMemoryApiService.csproj", "{FA950000-411E-4EF2-9A7B-C12734DD28CF}"
EndProject
Global
	GlobalSection(SolutionConfigurationPlatforms) = preSolution
		Debug|Any CPU = Debug|Any CPU
		Release|Any CPU = Release|Any CPU
	EndGlobalSection
	GlobalSection(ProjectConfigurationPlatforms) = postSolution
		{7E5FA3B3-4184-4B67-8B40-E35B7217BFDF}.Debug|Any CPU.ActiveCfg = Debug|Any CPU
		{7E5FA3B3-4184-4B67-8B40-E35B7217BFDF}.Debug|Any CPU.Build.0 = Debug|Any CPU
		{7E5FA3B3-4184-4B67-8B40-E35B7217BFDF}.Release|Any CPU.ActiveCfg = Release|Any CPU
		{7E5FA3B3-4184-4B67-8B40-E35B7217BFDF}.Release|Any CPU.Build.0 = Release|Any CPU
		{5CF1B1B5-3063-496A-9B4A-3FA75FE050C9}.Debug|Any CPU.ActiveCfg = Debug|Any CPU
		{5CF1B1B5-3063-496A-9B4A-3FA75FE050C9}.Debug|Any CPU.Build.0 = Debug|Any CPU
		{5CF1B1B5-3063-496A-9B4A-3FA75FE050C9}.Release|Any CPU.ActiveCfg = Release|Any CPU
		{5CF1B1B5-3063-496A-9B4A-3FA75FE050C9}.Release|Any CPU.Build.0 = Release|Any CPU
		{E361B202-9CA4-4BC6-B2D5-E919B5D88C3D}.Debug|Any CPU.ActiveCfg = Debug|Any CPU
		{E361B202-9CA4-4BC6-B2D5-E919B5D88C3D}.Debug|Any CPU.Build.0 = Debug|Any CPU
		{E361B202-9CA4-4BC6-B2D5-E919B5D88C3D}.Release|Any CPU.ActiveCfg = Release|Any CPU
		{E361B202-9CA4-4BC6-B2D5-E919B5D88C3D}.Release|Any CPU.Build.0 = Release|Any CPU
		{937372BD-8A73-4647-A702-0F18B55103CF}.Debug|Any CPU.ActiveCfg = Debug|Any CPU
		{937372BD-8A73-4647-A702-0F18B55103CF}.Debug|Any CPU.Build.0 = Debug|Any CPU
		{937372BD-8A73-4647-A702-0F18B55103CF}.Release|Any CPU.ActiveCfg = Release|Any CPU
		{937372BD-8A73-4647-A702-0F18B55103CF}.Release|Any CPU.Build.0 = Release|Any CPU
		{22C2AB0F-5396-4900-BAC1-603A65951620}.Debug|Any CPU.ActiveCfg = Debug|Any CPU
		{22C2AB0F-5396-4900-BAC1-603A65951620}.Debug|Any CPU.Build.0 = Debug|Any CPU
		{22C2AB0F-5396-4900-BAC1-603A65951620}.Release|Any CPU.ActiveCfg = Release|Any CPU
		{22C2AB0F-5396-4900-BAC1-603A65951620}.Release|Any CPU.Build.0 = Release|Any CPU
		{66E01471-1406-4B6C-97B2-747C1DD6ED98}.Debug|Any CPU.ActiveCfg = Debug|Any CPU
		{66E01471-1406-4B6C-97B2-747C1DD6ED98}.Debug|Any CPU.Build.0 = Debug|Any CPU
		{66E01471-1406-4B6C-97B2-747C1DD6ED98}.Release|Any CPU.ActiveCfg = Release|Any CPU
		{66E01471-1406-4B6C-97B2-747C1DD6ED98}.Release|Any CPU.Build.0 = Release|Any CPU
		{B58971B8-2F7F-489B-B079-A21B2A371594}.Debug|Any CPU.ActiveCfg = Debug|Any CPU
		{B58971B8-2F7F-489B-B079-A21B2A371594}.Debug|Any CPU.Build.0 = Debug|Any CPU
		{B58971B8-2F7F-489B-B079-A21B2A371594}.Release|Any CPU.ActiveCfg = Release|Any CPU
		{B58971B8-2F7F-489B-B079-A21B2A371594}.Release|Any CPU.Build.0 = Release|Any CPU
		{AB79C232-95B7-4952-BD11-B86B9A9FA8B5}.Debug|Any CPU.ActiveCfg = Debug|Any CPU
		{AB79C232-95B7-4952-BD11-B86B9A9FA8B5}.Debug|Any CPU.Build.0 = Debug|Any CPU
		{AB79C232-95B7-4952-BD11-B86B9A9FA8B5}.Release|Any CPU.ActiveCfg = Release|Any CPU
		{AB79C232-95B7-4952-BD11-B86B9A9FA8B5}.Release|Any CPU.Build.0 = Release|Any CPU
		{0382560B-1CAC-42E1-8C6F-A6B9C4BE0E45}.Debug|Any CPU.ActiveCfg = Debug|Any CPU
		{0382560B-1CAC-42E1-8C6F-A6B9C4BE0E45}.Debug|Any CPU.Build.0 = Debug|Any CPU
		{0382560B-1CAC-42E1-8C6F-A6B9C4BE0E45}.Release|Any CPU.ActiveCfg = Release|Any CPU
		{0382560B-1CAC-42E1-8C6F-A6B9C4BE0E45}.Release|Any CPU.Build.0 = Release|Any CPU
		{7B7A1D05-E883-4E28-9B90-9DBA2B6F34E0}.Debug|Any CPU.ActiveCfg = Debug|Any CPU
		{7B7A1D05-E883-4E28-9B90-9DBA2B6F34E0}.Debug|Any CPU.Build.0 = Debug|Any CPU
		{7B7A1D05-E883-4E28-9B90-9DBA2B6F34E0}.Release|Any CPU.ActiveCfg = Release|Any CPU
		{7B7A1D05-E883-4E28-9B90-9DBA2B6F34E0}.Release|Any CPU.Build.0 = Release|Any CPU
		{E248F0E7-7238-4875-BE1E-F1EE5C09403A}.Debug|Any CPU.ActiveCfg = Debug|Any CPU
		{E248F0E7-7238-4875-BE1E-F1EE5C09403A}.Debug|Any CPU.Build.0 = Debug|Any CPU
		{E248F0E7-7238-4875-BE1E-F1EE5C09403A}.Release|Any CPU.ActiveCfg = Release|Any CPU
		{E248F0E7-7238-4875-BE1E-F1EE5C09403A}.Release|Any CPU.Build.0 = Release|Any CPU
		{FA950000-411E-4EF2-9A7B-C12734DD28CF}.Debug|Any CPU.ActiveCfg = Debug|Any CPU
		{FA950000-411E-4EF2-9A7B-C12734DD28CF}.Debug|Any CPU.Build.0 = Debug|Any CPU
		{FA950000-411E-4EF2-9A7B-C12734DD28CF}.Release|Any CPU.ActiveCfg = Release|Any CPU
		{FA950000-411E-4EF2-9A7B-C12734DD28CF}.Release|Any CPU.Build.0 = Release|Any CPU
	EndGlobalSection
	GlobalSection(SolutionProperties) = preSolution
		HideSolutionNode = FALSE
	EndGlobalSection
	GlobalSection(ExtensibilityGlobals) = postSolution
		SolutionGuid = {68D979E5-D913-47BE-8FA3-C59A1AEE2DDC}
	EndGlobalSection
EndGlobal
